{
  "originHash" : "a4f3159f571c523568ae5afc409f11af890fe6c78f6fec860ede2506990bf5ea",
  "pins" : [
    {
      "identity" : "down",
      "kind" : "remoteSourceControl",
      "location" : "https://github.com/iwasrobbed/Down",
      "state" : {
        "branch" : "master",
        "revision" : "e754ab1c80920dd51a8e08290c912ac1c2ac8b58"
      }
    },
    {
      "identity" : "ink",
      "kind" : "remoteSourceControl",
      "location" : "https://github.com/JohnSundell/Ink",
      "state" : {
        "revision" : "bcc9f219900a62c4210e6db726035d7f03ae757b",
        "version" : "0.6.0"
      }
    }
  ],
  "version" : 3
}
