// !$*UTF8*$!
{
	archiveVersion = 1;
	classes = {
	};
	objectVersion = 77;
	objects = {

/* Begin PBXBuildFile section */
		6B14015D2D000D9700F2D380 /* Down in Frameworks */ = {isa = PBXBuildFile; productRef = 6B14015C2D000D9700F2D380 /* Down */; };
		6B1404DE2D0069DE00F2D380 /* SwiftMath in Frameworks */ = {isa = PBXBuildFile; productRef = 6B1404DD2D0069DE00F2D380 /* SwiftMath */; };
		6B1FEA002D2495D10068CED0 /* FirebaseCore in Frameworks */ = {isa = PBXBuildFile; productRef = 6B1FE9FF2D2495D10068CED0 /* FirebaseCore */; };
		6B1FEA022D2495D10068CED0 /* FirebaseCrashlytics in Frameworks */ = {isa = PBXBuildFile; productRef = 6B1FEA012D2495D10068CED0 /* FirebaseCrashlytics */; };
		6B5F23452CD33A1000E8E512 /* ChatModel.xcdatamodeld in Sources */ = {isa = PBXBuildFile; fileRef = 6B5F23432CD33A1000E8E512 /* ChatModel.xcdatamodeld */; };
		6BCFFED02D062BE60057A1FE /* WidgetKit.framework in Frameworks */ = {isa = PBXBuildFile; fileRef = 6B88379C2CD2F5C100EF64FB /* WidgetKit.framework */; };
		6BCFFED12D062BE60057A1FE /* SwiftUI.framework in Frameworks */ = {isa = PBXBuildFile; fileRef = 6B88379E2CD2F5C100EF64FB /* SwiftUI.framework */; };
		6BCFFEDC2D062BEA0057A1FE /* AIWidgetExtension.appex in Embed Foundation Extensions */ = {isa = PBXBuildFile; fileRef = 6BCFFECF2D062BE50057A1FE /* AIWidgetExtension.appex */; settings = {ATTRIBUTES = (RemoveHeadersOnCopy, ); }; };
/* End PBXBuildFile section */

/* Begin PBXContainerItemProxy section */
		6BCFFEDA2D062BEA0057A1FE /* PBXContainerItemProxy */ = {
			isa = PBXContainerItemProxy;
			containerPortal = 6B8837572CD1A33D00EF64FB /* Project object */;
			proxyType = 1;
			remoteGlobalIDString = 6BCFFECE2D062BE50057A1FE;
			remoteInfo = AIWidgetExtension;
		};
/* End PBXContainerItemProxy section */

/* Begin PBXCopyFilesBuildPhase section */
		6BCFFEE12D062BEA0057A1FE /* Embed Foundation Extensions */ = {
			isa = PBXCopyFilesBuildPhase;
			buildActionMask = 2147483647;
			dstPath = "";
			dstSubfolderSpec = 13;
			files = (
				6BCFFEDC2D062BEA0057A1FE /* AIWidgetExtension.appex in Embed Foundation Extensions */,
			);
			name = "Embed Foundation Extensions";
			runOnlyForDeploymentPostprocessing = 0;
		};
/* End PBXCopyFilesBuildPhase section */

/* Begin PBXFileReference section */
		6B0B55002CD49D3C00B1D058 /* Chat with Ai Plus.entitlements */ = {isa = PBXFileReference; lastKnownFileType = text.plist.entitlements; path = "Chat with Ai Plus.entitlements"; sourceTree = "<group>"; };
		6B0B55012CD4A74500B1D058 /* Chat-with-Ai-Plus-Info.plist */ = {isa = PBXFileReference; lastKnownFileType = text.plist; path = "Chat-with-Ai-Plus-Info.plist"; sourceTree = "<group>"; };
		6B5F23442CD33A1000E8E512 /* ChatModel.xcdatamodel */ = {isa = PBXFileReference; lastKnownFileType = wrapper.xcdatamodel; path = ChatModel.xcdatamodel; sourceTree = "<group>"; };
		6B88375F2CD1A33D00EF64FB /* Chat with Ai Plus.app */ = {isa = PBXFileReference; explicitFileType = wrapper.application; includeInIndex = 0; path = "Chat with Ai Plus.app"; sourceTree = BUILT_PRODUCTS_DIR; };
		6B88379C2CD2F5C100EF64FB /* WidgetKit.framework */ = {isa = PBXFileReference; lastKnownFileType = wrapper.framework; name = WidgetKit.framework; path = System/Library/Frameworks/WidgetKit.framework; sourceTree = SDKROOT; };
		6B88379E2CD2F5C100EF64FB /* SwiftUI.framework */ = {isa = PBXFileReference; lastKnownFileType = wrapper.framework; name = SwiftUI.framework; path = System/Library/Frameworks/SwiftUI.framework; sourceTree = SDKROOT; };
		6BCFFECF2D062BE50057A1FE /* AIWidgetExtension.appex */ = {isa = PBXFileReference; explicitFileType = "wrapper.app-extension"; includeInIndex = 0; path = AIWidgetExtension.appex; sourceTree = BUILT_PRODUCTS_DIR; };
/* End PBXFileReference section */

/* Begin PBXFileSystemSynchronizedBuildFileExceptionSet section */
		6BCFFEDD2D062BEA0057A1FE /* Exceptions for "AIWidget" folder in "AIWidgetExtension" target */ = {
			isa = PBXFileSystemSynchronizedBuildFileExceptionSet;
			membershipExceptions = (
				Info.plist,
			);
			target = 6BCFFECE2D062BE50057A1FE /* AIWidgetExtension */;
		};
		6BCFFEE52D062CE40057A1FE /* Exceptions for "AIWidget" folder in "Chat with Ai Plus" target */ = {
			isa = PBXFileSystemSynchronizedBuildFileExceptionSet;
			membershipExceptions = (
				Mic.swift,
			);
			target = 6B88375E2CD1A33D00EF64FB /* Chat with Ai Plus */;
		};
/* End PBXFileSystemSynchronizedBuildFileExceptionSet section */

/* Begin PBXFileSystemSynchronizedRootGroup section */
		6B8837612CD1A33D00EF64FB /* Ai Chat */ = {
			isa = PBXFileSystemSynchronizedRootGroup;
			path = "Ai Chat";
			sourceTree = "<group>";
		};
		6BCFFED22D062BE60057A1FE /* AIWidget */ = {
			isa = PBXFileSystemSynchronizedRootGroup;
			exceptions = (
				6BCFFEE52D062CE40057A1FE /* Exceptions for "AIWidget" folder in "Chat with Ai Plus" target */,
				6BCFFEDD2D062BEA0057A1FE /* Exceptions for "AIWidget" folder in "AIWidgetExtension" target */,
			);
			path = AIWidget;
			sourceTree = "<group>";
		};
/* End PBXFileSystemSynchronizedRootGroup section */

/* Begin PBXFrameworksBuildPhase section */
		6B88375C2CD1A33D00EF64FB /* Frameworks */ = {
			isa = PBXFrameworksBuildPhase;
			buildActionMask = 2147483647;
			files = (
				6B1404DE2D0069DE00F2D380 /* SwiftMath in Frameworks */,
				6B1FEA022D2495D10068CED0 /* FirebaseCrashlytics in Frameworks */,
				6B1FEA002D2495D10068CED0 /* FirebaseCore in Frameworks */,
				6B14015D2D000D9700F2D380 /* Down in Frameworks */,
			);
			runOnlyForDeploymentPostprocessing = 0;
		};
		6BCFFECC2D062BE50057A1FE /* Frameworks */ = {
			isa = PBXFrameworksBuildPhase;
			buildActionMask = 2147483647;
			files = (
				6BCFFED12D062BE60057A1FE /* SwiftUI.framework in Frameworks */,
				6BCFFED02D062BE60057A1FE /* WidgetKit.framework in Frameworks */,
			);
			runOnlyForDeploymentPostprocessing = 0;
		};
/* End PBXFrameworksBuildPhase section */

/* Begin PBXGroup section */
		6B8837562CD1A33D00EF64FB = {
			isa = PBXGroup;
			children = (
				6B0B55012CD4A74500B1D058 /* Chat-with-Ai-Plus-Info.plist */,
				6B0B55002CD49D3C00B1D058 /* Chat with Ai Plus.entitlements */,
				6B5F23432CD33A1000E8E512 /* ChatModel.xcdatamodeld */,
				6B8837612CD1A33D00EF64FB /* Ai Chat */,
				6BCFFED22D062BE60057A1FE /* AIWidget */,
				6B88379B2CD2F5C100EF64FB /* Frameworks */,
				6B8837602CD1A33D00EF64FB /* Products */,
			);
			sourceTree = "<group>";
		};
		6B8837602CD1A33D00EF64FB /* Products */ = {
			isa = PBXGroup;
			children = (
				6B88375F2CD1A33D00EF64FB /* Chat with Ai Plus.app */,
				6BCFFECF2D062BE50057A1FE /* AIWidgetExtension.appex */,
			);
			name = Products;
			sourceTree = "<group>";
		};
		6B88379B2CD2F5C100EF64FB /* Frameworks */ = {
			isa = PBXGroup;
			children = (
				6B88379C2CD2F5C100EF64FB /* WidgetKit.framework */,
				6B88379E2CD2F5C100EF64FB /* SwiftUI.framework */,
			);
			name = Frameworks;
			sourceTree = "<group>";
		};
/* End PBXGroup section */

/* Begin PBXNativeTarget section */
		6B88375E2CD1A33D00EF64FB /* Chat with Ai Plus */ = {
			isa = PBXNativeTarget;
			buildConfigurationList = 6B88376D2CD1A33F00EF64FB /* Build configuration list for PBXNativeTarget "Chat with Ai Plus" */;
			buildPhases = (
				6B88375B2CD1A33D00EF64FB /* Sources */,
				6B88375C2CD1A33D00EF64FB /* Frameworks */,
				6B88375D2CD1A33D00EF64FB /* Resources */,
				6BCFFEE12D062BEA0057A1FE /* Embed Foundation Extensions */,
			);
			buildRules = (
			);
			dependencies = (
				6BCFFEDB2D062BEA0057A1FE /* PBXTargetDependency */,
			);
			fileSystemSynchronizedGroups = (
				6B8837612CD1A33D00EF64FB /* Ai Chat */,
			);
			name = "Chat with Ai Plus";
			packageProductDependencies = (
				6B14015C2D000D9700F2D380 /* Down */,
				6B1404DD2D0069DE00F2D380 /* SwiftMath */,
				6B1FE9FF2D2495D10068CED0 /* FirebaseCore */,
				6B1FEA012D2495D10068CED0 /* FirebaseCrashlytics */,
			);
			productName = "Ai Chat";
			productReference = 6B88375F2CD1A33D00EF64FB /* Chat with Ai Plus.app */;
			productType = "com.apple.product-type.application";
		};
		6BCFFECE2D062BE50057A1FE /* AIWidgetExtension */ = {
			isa = PBXNativeTarget;
			buildConfigurationList = 6BCFFEDE2D062BEA0057A1FE /* Build configuration list for PBXNativeTarget "AIWidgetExtension" */;
			buildPhases = (
				6BCFFECB2D062BE50057A1FE /* Sources */,
				6BCFFECC2D062BE50057A1FE /* Frameworks */,
				6BCFFECD2D062BE50057A1FE /* Resources */,
			);
			buildRules = (
			);
			dependencies = (
			);
			fileSystemSynchronizedGroups = (
				6BCFFED22D062BE60057A1FE /* AIWidget */,
			);
			name = AIWidgetExtension;
			packageProductDependencies = (
			);
			productName = AIWidgetExtension;
			productReference = 6BCFFECF2D062BE50057A1FE /* AIWidgetExtension.appex */;
			productType = "com.apple.product-type.app-extension";
		};
/* End PBXNativeTarget section */

/* Begin PBXProject section */
		6B8837572CD1A33D00EF64FB /* Project object */ = {
			isa = PBXProject;
			attributes = {
				BuildIndependentTargetsInParallel = 1;
				KnownAssetTags = (
					New,
				);
				LastSwiftUpdateCheck = 1610;
				LastUpgradeCheck = 1600;
				TargetAttributes = {
					6B88375E2CD1A33D00EF64FB = {
						CreatedOnToolsVersion = 16.0;
					};
					6BCFFECE2D062BE50057A1FE = {
						CreatedOnToolsVersion = 16.1;
					};
				};
			};
			buildConfigurationList = 6B88375A2CD1A33D00EF64FB /* Build configuration list for PBXProject "Chat with Ai Plus" */;
			developmentRegion = en;
			hasScannedForEncodings = 0;
			knownRegions = (
				en,
				Base,
			);
			mainGroup = 6B8837562CD1A33D00EF64FB;
			minimizedProjectReferenceProxies = 1;
			packageReferences = (
				6B14015B2D000D9700F2D380 /* XCRemoteSwiftPackageReference "Down" */,
				6B1404DC2D0069DE00F2D380 /* XCRemoteSwiftPackageReference "SwiftMath" */,
				6B1FE9FE2D2495D10068CED0 /* XCRemoteSwiftPackageReference "firebase-ios-sdk" */,
			);
			preferredProjectObjectVersion = 77;
			productRefGroup = 6B8837602CD1A33D00EF64FB /* Products */;
			projectDirPath = "";
			projectRoot = "";
			targets = (
				6B88375E2CD1A33D00EF64FB /* Chat with Ai Plus */,
				6BCFFECE2D062BE50057A1FE /* AIWidgetExtension */,
			);
		};
/* End PBXProject section */

/* Begin PBXResourcesBuildPhase section */
		6B88375D2CD1A33D00EF64FB /* Resources */ = {
			isa = PBXResourcesBuildPhase;
			buildActionMask = 2147483647;
			files = (
			);
			runOnlyForDeploymentPostprocessing = 0;
		};
		6BCFFECD2D062BE50057A1FE /* Resources */ = {
			isa = PBXResourcesBuildPhase;
			buildActionMask = 2147483647;
			files = (
			);
			runOnlyForDeploymentPostprocessing = 0;
		};
/* End PBXResourcesBuildPhase section */

/* Begin PBXSourcesBuildPhase section */
		6B88375B2CD1A33D00EF64FB /* Sources */ = {
			isa = PBXSourcesBuildPhase;
			buildActionMask = 2147483647;
			files = (
				6B5F23452CD33A1000E8E512 /* ChatModel.xcdatamodeld in Sources */,
			);
			runOnlyForDeploymentPostprocessing = 0;
		};
		6BCFFECB2D062BE50057A1FE /* Sources */ = {
			isa = PBXSourcesBuildPhase;
			buildActionMask = 2147483647;
			files = (
			);
			runOnlyForDeploymentPostprocessing = 0;
		};
/* End PBXSourcesBuildPhase section */

/* Begin PBXTargetDependency section */
		6BCFFEDB2D062BEA0057A1FE /* PBXTargetDependency */ = {
			isa = PBXTargetDependency;
			target = 6BCFFECE2D062BE50057A1FE /* AIWidgetExtension */;
			targetProxy = 6BCFFEDA2D062BEA0057A1FE /* PBXContainerItemProxy */;
		};
/* End PBXTargetDependency section */

/* Begin XCBuildConfiguration section */
		6B88376B2CD1A33F00EF64FB /* Debug */ = {
			isa = XCBuildConfiguration;
			buildSettings = {
				ALWAYS_SEARCH_USER_PATHS = NO;
				ASSETCATALOG_COMPILER_GENERATE_SWIFT_ASSET_SYMBOL_EXTENSIONS = YES;
				CLANG_ANALYZER_NONNULL = YES;
				CLANG_ANALYZER_NUMBER_OBJECT_CONVERSION = YES_AGGRESSIVE;
				CLANG_CXX_LANGUAGE_STANDARD = "gnu++20";
				CLANG_ENABLE_MODULES = YES;
				CLANG_ENABLE_OBJC_ARC = YES;
				CLANG_ENABLE_OBJC_WEAK = YES;
				CLANG_WARN_BLOCK_CAPTURE_AUTORELEASING = YES;
				CLANG_WARN_BOOL_CONVERSION = YES;
				CLANG_WARN_COMMA = YES;
				CLANG_WARN_CONSTANT_CONVERSION = YES;
				CLANG_WARN_DEPRECATED_OBJC_IMPLEMENTATIONS = YES;
				CLANG_WARN_DIRECT_OBJC_ISA_USAGE = YES_ERROR;
				CLANG_WARN_DOCUMENTATION_COMMENTS = YES;
				CLANG_WARN_EMPTY_BODY = YES;
				CLANG_WARN_ENUM_CONVERSION = YES;
				CLANG_WARN_INFINITE_RECURSION = YES;
				CLANG_WARN_INT_CONVERSION = YES;
				CLANG_WARN_NON_LITERAL_NULL_CONVERSION = YES;
				CLANG_WARN_OBJC_IMPLICIT_RETAIN_SELF = YES;
				CLANG_WARN_OBJC_LITERAL_CONVERSION = YES;
				CLANG_WARN_OBJC_ROOT_CLASS = YES_ERROR;
				CLANG_WARN_QUOTED_INCLUDE_IN_FRAMEWORK_HEADER = YES;
				CLANG_WARN_RANGE_LOOP_ANALYSIS = YES;
				CLANG_WARN_STRICT_PROTOTYPES = YES;
				CLANG_WARN_SUSPICIOUS_MOVE = YES;
				CLANG_WARN_UNGUARDED_AVAILABILITY = YES_AGGRESSIVE;
				CLANG_WARN_UNREACHABLE_CODE = YES;
				CLANG_WARN__DUPLICATE_METHOD_MATCH = YES;
				COPY_PHASE_STRIP = NO;
				DEBUG_INFORMATION_FORMAT = dwarf;
				ENABLE_STRICT_OBJC_MSGSEND = YES;
				ENABLE_TESTABILITY = YES;
				ENABLE_USER_SCRIPT_SANDBOXING = YES;
				GCC_C_LANGUAGE_STANDARD = gnu17;
				GCC_DYNAMIC_NO_PIC = NO;
				GCC_NO_COMMON_BLOCKS = YES;
				GCC_OPTIMIZATION_LEVEL = 0;
				GCC_PREPROCESSOR_DEFINITIONS = (
					"DEBUG=1",
					"$(inherited)",
				);
				GCC_WARN_64_TO_32_BIT_CONVERSION = YES;
				GCC_WARN_ABOUT_RETURN_TYPE = YES_ERROR;
				GCC_WARN_UNDECLARED_SELECTOR = YES;
				GCC_WARN_UNINITIALIZED_AUTOS = YES_AGGRESSIVE;
				GCC_WARN_UNUSED_FUNCTION = YES;
				GCC_WARN_UNUSED_VARIABLE = YES;
				IPHONEOS_DEPLOYMENT_TARGET = 18.0;
				LOCALIZATION_PREFERS_STRING_CATALOGS = YES;
				MTL_ENABLE_DEBUG_INFO = INCLUDE_SOURCE;
				MTL_FAST_MATH = YES;
				ONLY_ACTIVE_ARCH = YES;
				SDKROOT = iphoneos;
				SWIFT_ACTIVE_COMPILATION_CONDITIONS = "DEBUG $(inherited)";
				SWIFT_OPTIMIZATION_LEVEL = "-Onone";
			};
			name = Debug;
		};
		6B88376C2CD1A33F00EF64FB /* Release */ = {
			isa = XCBuildConfiguration;
			buildSettings = {
				ALWAYS_SEARCH_USER_PATHS = NO;
				ASSETCATALOG_COMPILER_GENERATE_SWIFT_ASSET_SYMBOL_EXTENSIONS = YES;
				CLANG_ANALYZER_NONNULL = YES;
				CLANG_ANALYZER_NUMBER_OBJECT_CONVERSION = YES_AGGRESSIVE;
				CLANG_CXX_LANGUAGE_STANDARD = "gnu++20";
				CLANG_ENABLE_MODULES = YES;
				CLANG_ENABLE_OBJC_ARC = YES;
				CLANG_ENABLE_OBJC_WEAK = YES;
				CLANG_WARN_BLOCK_CAPTURE_AUTORELEASING = YES;
				CLANG_WARN_BOOL_CONVERSION = YES;
				CLANG_WARN_COMMA = YES;
				CLANG_WARN_CONSTANT_CONVERSION = YES;
				CLANG_WARN_DEPRECATED_OBJC_IMPLEMENTATIONS = YES;
				CLANG_WARN_DIRECT_OBJC_ISA_USAGE = YES_ERROR;
				CLANG_WARN_DOCUMENTATION_COMMENTS = YES;
				CLANG_WARN_EMPTY_BODY = YES;
				CLANG_WARN_ENUM_CONVERSION = YES;
				CLANG_WARN_INFINITE_RECURSION = YES;
				CLANG_WARN_INT_CONVERSION = YES;
				CLANG_WARN_NON_LITERAL_NULL_CONVERSION = YES;
				CLANG_WARN_OBJC_IMPLICIT_RETAIN_SELF = YES;
				CLANG_WARN_OBJC_LITERAL_CONVERSION = YES;
				CLANG_WARN_OBJC_ROOT_CLASS = YES_ERROR;
				CLANG_WARN_QUOTED_INCLUDE_IN_FRAMEWORK_HEADER = YES;
				CLANG_WARN_RANGE_LOOP_ANALYSIS = YES;
				CLANG_WARN_STRICT_PROTOTYPES = YES;
				CLANG_WARN_SUSPICIOUS_MOVE = YES;
				CLANG_WARN_UNGUARDED_AVAILABILITY = YES_AGGRESSIVE;
				CLANG_WARN_UNREACHABLE_CODE = YES;
				CLANG_WARN__DUPLICATE_METHOD_MATCH = YES;
				COPY_PHASE_STRIP = NO;
				DEBUG_INFORMATION_FORMAT = "dwarf-with-dsym";
				ENABLE_NS_ASSERTIONS = NO;
				ENABLE_STRICT_OBJC_MSGSEND = YES;
				ENABLE_USER_SCRIPT_SANDBOXING = YES;
				GCC_C_LANGUAGE_STANDARD = gnu17;
				GCC_NO_COMMON_BLOCKS = YES;
				GCC_WARN_64_TO_32_BIT_CONVERSION = YES;
				GCC_WARN_ABOUT_RETURN_TYPE = YES_ERROR;
				GCC_WARN_UNDECLARED_SELECTOR = YES;
				GCC_WARN_UNINITIALIZED_AUTOS = YES_AGGRESSIVE;
				GCC_WARN_UNUSED_FUNCTION = YES;
				GCC_WARN_UNUSED_VARIABLE = YES;
				IPHONEOS_DEPLOYMENT_TARGET = 18.0;
				LOCALIZATION_PREFERS_STRING_CATALOGS = YES;
				MTL_ENABLE_DEBUG_INFO = NO;
				MTL_FAST_MATH = YES;
				SDKROOT = iphoneos;
				SWIFT_COMPILATION_MODE = wholemodule;
				VALIDATE_PRODUCT = YES;
			};
			name = Release;
		};
		6B88376E2CD1A33F00EF64FB /* Debug */ = {
			isa = XCBuildConfiguration;
			buildSettings = {
				ASSETCATALOG_COMPILER_APPICON_NAME = AppIcon;
				ASSETCATALOG_COMPILER_GLOBAL_ACCENT_COLOR_NAME = AccentColor;
				CODE_SIGN_ENTITLEMENTS = "Chat with Ai Plus.entitlements";
				CODE_SIGN_STYLE = Automatic;
				CURRENT_PROJECT_VERSION = 1;
				DEBUG_INFORMATION_FORMAT = "dwarf-with-dsym";
				DEVELOPMENT_ASSET_PATHS = "\"Ai Chat/Preview Content\"";
				DEVELOPMENT_TEAM = ZUL32453KR;
				ENABLE_PREVIEWS = YES;
				GENERATE_INFOPLIST_FILE = YES;
				INFOPLIST_FILE = "Chat-with-Ai-Plus-Info.plist";
				INFOPLIST_KEY_CFBundleDisplayName = "Chat Ai +";
				INFOPLIST_KEY_LSApplicationCategoryType = "public.app-category.productivity";
				INFOPLIST_KEY_NSAppleMusicUsageDescription = "We need permission to play and pause music";
				INFOPLIST_KEY_NSContactsUsageDescription = "To suggest contact names when sending text";
				INFOPLIST_KEY_NSMicrophoneUsageDescription = "We need access to your speech data to convert speech to text.";
				INFOPLIST_KEY_NSPhotoLibraryUsageDescription = "To save images";
				INFOPLIST_KEY_NSSpeechRecognitionUsageDescription = "We need your permission to use speech recognition";
				INFOPLIST_KEY_UIApplicationSceneManifest_Generation = YES;
				INFOPLIST_KEY_UIApplicationSupportsIndirectInputEvents = YES;
				INFOPLIST_KEY_UILaunchScreen_Generation = YES;
				INFOPLIST_KEY_UIRequiresFullScreen = YES;
				INFOPLIST_KEY_UISupportedInterfaceOrientations = "UIInterfaceOrientationLandscapeLeft UIInterfaceOrientationLandscapeRight UIInterfaceOrientationPortrait UIInterfaceOrientationPortraitUpsideDown";
				IPHONEOS_DEPLOYMENT_TARGET = 18.2;
				LD_RUNPATH_SEARCH_PATHS = (
					"$(inherited)",
					"@executable_path/Frameworks",
				);
				MARKETING_VERSION = 1.0;
				PRODUCT_BUNDLE_IDENTIFIER = "com.rightdevllc.Ai-Chat";
				PRODUCT_NAME = "$(TARGET_NAME)";
				REGISTER_APP_GROUPS = NO;
				SUPPORTED_PLATFORMS = "iphoneos iphonesimulator";
				SUPPORTS_MACCATALYST = NO;
				SUPPORTS_XR_DESIGNED_FOR_IPHONE_IPAD = NO;
				SWIFT_EMIT_LOC_STRINGS = YES;
				SWIFT_VERSION = 5.0;
				TARGETED_DEVICE_FAMILY = "1,2";
			};
			name = Debug;
		};
		6B88376F2CD1A33F00EF64FB /* Release */ = {
			isa = XCBuildConfiguration;
			buildSettings = {
				ASSETCATALOG_COMPILER_APPICON_NAME = AppIcon;
				ASSETCATALOG_COMPILER_GLOBAL_ACCENT_COLOR_NAME = AccentColor;
				CODE_SIGN_ENTITLEMENTS = "Chat with Ai Plus.entitlements";
				CODE_SIGN_STYLE = Automatic;
				CURRENT_PROJECT_VERSION = 1;
				DEVELOPMENT_ASSET_PATHS = "\"Ai Chat/Preview Content\"";
				DEVELOPMENT_TEAM = ZUL32453KR;
				ENABLE_PREVIEWS = YES;
				GENERATE_INFOPLIST_FILE = YES;
				INFOPLIST_FILE = "Chat-with-Ai-Plus-Info.plist";
				INFOPLIST_KEY_CFBundleDisplayName = "Chat Ai +";
				INFOPLIST_KEY_LSApplicationCategoryType = "public.app-category.productivity";
				INFOPLIST_KEY_NSAppleMusicUsageDescription = "We need permission to play and pause music";
				INFOPLIST_KEY_NSContactsUsageDescription = "To suggest contact names when sending text";
				INFOPLIST_KEY_NSMicrophoneUsageDescription = "We need access to your speech data to convert speech to text.";
				INFOPLIST_KEY_NSPhotoLibraryUsageDescription = "To save images";
				INFOPLIST_KEY_NSSpeechRecognitionUsageDescription = "We need your permission to use speech recognition";
				INFOPLIST_KEY_UIApplicationSceneManifest_Generation = YES;
				INFOPLIST_KEY_UIApplicationSupportsIndirectInputEvents = YES;
				INFOPLIST_KEY_UILaunchScreen_Generation = YES;
				INFOPLIST_KEY_UIRequiresFullScreen = YES;
				INFOPLIST_KEY_UISupportedInterfaceOrientations = "UIInterfaceOrientationLandscapeLeft UIInterfaceOrientationLandscapeRight UIInterfaceOrientationPortrait UIInterfaceOrientationPortraitUpsideDown";
				IPHONEOS_DEPLOYMENT_TARGET = 18.2;
				LD_RUNPATH_SEARCH_PATHS = (
					"$(inherited)",
					"@executable_path/Frameworks",
				);
				MARKETING_VERSION = 1.0;
				PRODUCT_BUNDLE_IDENTIFIER = "com.rightdevllc.Ai-Chat";
				PRODUCT_NAME = "$(TARGET_NAME)";
				REGISTER_APP_GROUPS = NO;
				SUPPORTED_PLATFORMS = "iphoneos iphonesimulator";
				SUPPORTS_MACCATALYST = NO;
				SUPPORTS_XR_DESIGNED_FOR_IPHONE_IPAD = NO;
				SWIFT_EMIT_LOC_STRINGS = YES;
				SWIFT_VERSION = 5.0;
				TARGETED_DEVICE_FAMILY = "1,2";
			};
			name = Release;
		};
		6BCFFEDF2D062BEA0057A1FE /* Debug */ = {
			isa = XCBuildConfiguration;
			buildSettings = {
				ASSETCATALOG_COMPILER_GLOBAL_ACCENT_COLOR_NAME = AccentColor;
				ASSETCATALOG_COMPILER_WIDGET_BACKGROUND_COLOR_NAME = WidgetBackground;
				CODE_SIGN_STYLE = Automatic;
				CURRENT_PROJECT_VERSION = 1;
				DEVELOPMENT_TEAM = ZUL32453KR;
				GENERATE_INFOPLIST_FILE = YES;
				INFOPLIST_FILE = AIWidget/Info.plist;
				INFOPLIST_KEY_CFBundleDisplayName = AIWidget;
				INFOPLIST_KEY_NSHumanReadableCopyright = "";
				IPHONEOS_DEPLOYMENT_TARGET = 18.1;
				LD_RUNPATH_SEARCH_PATHS = (
					"$(inherited)",
					"@executable_path/Frameworks",
					"@executable_path/../../Frameworks",
				);
				MARKETING_VERSION = 1.0;
				PRODUCT_BUNDLE_IDENTIFIER = "com.rightdevllc.Ai-Chat.AIWidget";
				PRODUCT_NAME = "$(TARGET_NAME)";
				SKIP_INSTALL = YES;
				SWIFT_EMIT_LOC_STRINGS = YES;
				SWIFT_VERSION = 5.0;
				TARGETED_DEVICE_FAMILY = "1,2";
			};
			name = Debug;
		};
		6BCFFEE02D062BEA0057A1FE /* Release */ = {
			isa = XCBuildConfiguration;
			buildSettings = {
				ASSETCATALOG_COMPILER_GLOBAL_ACCENT_COLOR_NAME = AccentColor;
				ASSETCATALOG_COMPILER_WIDGET_BACKGROUND_COLOR_NAME = WidgetBackground;
				CODE_SIGN_STYLE = Automatic;
				CURRENT_PROJECT_VERSION = 1;
				DEVELOPMENT_TEAM = ZUL32453KR;
				GENERATE_INFOPLIST_FILE = YES;
				INFOPLIST_FILE = AIWidget/Info.plist;
				INFOPLIST_KEY_CFBundleDisplayName = AIWidget;
				INFOPLIST_KEY_NSHumanReadableCopyright = "";
				IPHONEOS_DEPLOYMENT_TARGET = 18.1;
				LD_RUNPATH_SEARCH_PATHS = (
					"$(inherited)",
					"@executable_path/Frameworks",
					"@executable_path/../../Frameworks",
				);
				MARKETING_VERSION = 1.0;
				PRODUCT_BUNDLE_IDENTIFIER = "com.rightdevllc.Ai-Chat.AIWidget";
				PRODUCT_NAME = "$(TARGET_NAME)";
				SKIP_INSTALL = YES;
				SWIFT_EMIT_LOC_STRINGS = YES;
				SWIFT_VERSION = 5.0;
				TARGETED_DEVICE_FAMILY = "1,2";
			};
			name = Release;
		};
/* End XCBuildConfiguration section */

/* Begin XCConfigurationList section */
		6B88375A2CD1A33D00EF64FB /* Build configuration list for PBXProject "Chat with Ai Plus" */ = {
			isa = XCConfigurationList;
			buildConfigurations = (
				6B88376B2CD1A33F00EF64FB /* Debug */,
				6B88376C2CD1A33F00EF64FB /* Release */,
			);
			defaultConfigurationIsVisible = 0;
			defaultConfigurationName = Debug;
		};
		6B88376D2CD1A33F00EF64FB /* Build configuration list for PBXNativeTarget "Chat with Ai Plus" */ = {
			isa = XCConfigurationList;
			buildConfigurations = (
				6B88376E2CD1A33F00EF64FB /* Debug */,
				6B88376F2CD1A33F00EF64FB /* Release */,
			);
			defaultConfigurationIsVisible = 0;
			defaultConfigurationName = Debug;
		};
		6BCFFEDE2D062BEA0057A1FE /* Build configuration list for PBXNativeTarget "AIWidgetExtension" */ = {
			isa = XCConfigurationList;
			buildConfigurations = (
				6BCFFEDF2D062BEA0057A1FE /* Debug */,
				6BCFFEE02D062BEA0057A1FE /* Release */,
			);
			defaultConfigurationIsVisible = 0;
			defaultConfigurationName = Debug;
		};
/* End XCConfigurationList section */

/* Begin XCRemoteSwiftPackageReference section */
		6B14015B2D000D9700F2D380 /* XCRemoteSwiftPackageReference "Down" */ = {
			isa = XCRemoteSwiftPackageReference;
			repositoryURL = "https://github.com/johnxnguyen/Down";
			requirement = {
				branch = master;
				kind = branch;
			};
		};
		6B1404DC2D0069DE00F2D380 /* XCRemoteSwiftPackageReference "SwiftMath" */ = {
			isa = XCRemoteSwiftPackageReference;
			repositoryURL = "https://github.com/mgriebling/SwiftMath.git";
			requirement = {
				kind = upToNextMajorVersion;
				minimumVersion = 1.6.0;
			};
		};
		6B1FE9FE2D2495D10068CED0 /* XCRemoteSwiftPackageReference "firebase-ios-sdk" */ = {
			isa = XCRemoteSwiftPackageReference;
			repositoryURL = "https://github.com/firebase/firebase-ios-sdk";
			requirement = {
				kind = upToNextMajorVersion;
				minimumVersion = 11.6.0;
			};
		};
/* End XCRemoteSwiftPackageReference section */

/* Begin XCSwiftPackageProductDependency section */
		6B14015C2D000D9700F2D380 /* Down */ = {
			isa = XCSwiftPackageProductDependency;
			package = 6B14015B2D000D9700F2D380 /* XCRemoteSwiftPackageReference "Down" */;
			productName = Down;
		};
		6B1404DD2D0069DE00F2D380 /* SwiftMath */ = {
			isa = XCSwiftPackageProductDependency;
			package = 6B1404DC2D0069DE00F2D380 /* XCRemoteSwiftPackageReference "SwiftMath" */;
			productName = SwiftMath;
		};
		6B1FE9FF2D2495D10068CED0 /* FirebaseCore */ = {
			isa = XCSwiftPackageProductDependency;
			package = 6B1FE9FE2D2495D10068CED0 /* XCRemoteSwiftPackageReference "firebase-ios-sdk" */;
			productName = FirebaseCore;
		};
		6B1FEA012D2495D10068CED0 /* FirebaseCrashlytics */ = {
			isa = XCSwiftPackageProductDependency;
			package = 6B1FE9FE2D2495D10068CED0 /* XCRemoteSwiftPackageReference "firebase-ios-sdk" */;
			productName = FirebaseCrashlytics;
		};
/* End XCSwiftPackageProductDependency section */

/* Begin XCVersionGroup section */
		6B5F23432CD33A1000E8E512 /* ChatModel.xcdatamodeld */ = {
			isa = XCVersionGroup;
			children = (
				6B5F23442CD33A1000E8E512 /* ChatModel.xcdatamodel */,
			);
			currentVersion = 6B5F23442CD33A1000E8E512 /* ChatModel.xcdatamodel */;
			path = ChatModel.xcdatamodeld;
			sourceTree = "<group>";
			versionGroupType = wrapper.xcdatamodel;
		};
/* End XCVersionGroup section */
	};
	rootObject = 6B8837572CD1A33D00EF64FB /* Project object */;
}
